// !$*UTF8*$!
{
	archiveVersion = 1;
	classes = {
	};
	objectVersion = 56;
	objects = {

/* Begin PBXBuildFile section */
		95CC86E42C4885DF009FB8DD /* ArcadiaAtari7800Core.docc in Sources */ = {isa = PBXBuildFile; fileRef = 95CC86E32C4885DF009FB8DD /* ArcadiaAtari7800Core.docc */; };
		95CC86EA2C4885E0009FB8DD /* ArcadiaAtari7800Core.framework in Frameworks */ = {isa = PBXBuildFile; fileRef = 95CC86DF2C4885DF009FB8DD /* ArcadiaAtari7800Core.framework */; };
		95CC86EF2C4885E0009FB8DD /* ArcadiaAtari7800CoreTests.swift in Sources */ = {isa = PBXBuildFile; fileRef = 95CC86EE2C4885E0009FB8DD /* ArcadiaAtari7800CoreTests.swift */; };
		95CC86F02C4885E0009FB8DD /* ArcadiaAtari7800Core.h in Headers */ = {isa = PBXBuildFile; fileRef = 95CC86E22C4885DF009FB8DD /* ArcadiaAtari7800Core.h */; settings = {ATTRIBUTES = (Public, ); }; };
		95CC876B2C488710009FB8DD /* channel.h in Headers */ = {isa = PBXBuildFile; fileRef = 95CC86FA2C488710009FB8DD /* channel.h */; };
		95CC876D2C488710009FB8DD /* coretone.h in Headers */ = {isa = PBXBuildFile; fileRef = 95CC86FC2C488710009FB8DD /* coretone.h */; };
		95CC876F2C488710009FB8DD /* music.h in Headers */ = {isa = PBXBuildFile; fileRef = 95CC86FE2C488710009FB8DD /* music.h */; };
		95CC87712C488710009FB8DD /* sample.h in Headers */ = {isa = PBXBuildFile; fileRef = 95CC87002C488710009FB8DD /* sample.h */; };
		95CC87732C488710009FB8DD /* types.h in Headers */ = {isa = PBXBuildFile; fileRef = 95CC87032C488710009FB8DD /* types.h */; };
		95CC87752C488710009FB8DD /* Bios.h in Headers */ = {isa = PBXBuildFile; fileRef = 95CC87062C488710009FB8DD /* Bios.h */; };
		95CC87762C488710009FB8DD /* boolean.h in Headers */ = {isa = PBXBuildFile; fileRef = 95CC87072C488710009FB8DD /* boolean.h */; };
		95CC87782C488710009FB8DD /* BupChip.h in Headers */ = {isa = PBXBuildFile; fileRef = 95CC87092C488710009FB8DD /* BupChip.h */; };
		95CC877A2C488710009FB8DD /* Cartridge.h in Headers */ = {isa = PBXBuildFile; fileRef = 95CC870B2C488710009FB8DD /* Cartridge.h */; };
		95CC877C2C488710009FB8DD /* Database.h in Headers */ = {isa = PBXBuildFile; fileRef = 95CC870D2C488710009FB8DD /* Database.h */; };
		95CC877D2C488710009FB8DD /* Equates.h in Headers */ = {isa = PBXBuildFile; fileRef = 95CC870E2C488710009FB8DD /* Equates.h */; };
		95CC877F2C488710009FB8DD /* Hash.h in Headers */ = {isa = PBXBuildFile; fileRef = 95CC87102C488710009FB8DD /* Hash.h */; };
		95CC87802C488710009FB8DD /* libretro_core_options_intl.h in Headers */ = {isa = PBXBuildFile; fileRef = 95CC87112C488710009FB8DD /* libretro_core_options_intl.h */; };
		95CC87812C488710009FB8DD /* libretro_core_options.h in Headers */ = {isa = PBXBuildFile; fileRef = 95CC87122C488710009FB8DD /* libretro_core_options.h */; };
		95CC87842C488710009FB8DD /* Maria.h in Headers */ = {isa = PBXBuildFile; fileRef = 95CC87152C488710009FB8DD /* Maria.h */; };
		95CC87862C488710009FB8DD /* Memory.h in Headers */ = {isa = PBXBuildFile; fileRef = 95CC87172C488710009FB8DD /* Memory.h */; };
		95CC87872C488710009FB8DD /* Pair.h in Headers */ = {isa = PBXBuildFile; fileRef = 95CC87182C488710009FB8DD /* Pair.h */; };
		95CC87892C488710009FB8DD /* Palette.h in Headers */ = {isa = PBXBuildFile; fileRef = 95CC871A2C488710009FB8DD /* Palette.h */; };
		95CC878B2C488710009FB8DD /* Pokey.h in Headers */ = {isa = PBXBuildFile; fileRef = 95CC871C2C488710009FB8DD /* Pokey.h */; };
		95CC878D2C488710009FB8DD /* ProSystem.h in Headers */ = {isa = PBXBuildFile; fileRef = 95CC871E2C488710009FB8DD /* ProSystem.h */; };
		95CC878E2C488710009FB8DD /* Rect.h in Headers */ = {isa = PBXBuildFile; fileRef = 95CC871F2C488710009FB8DD /* Rect.h */; };
		95CC87902C488710009FB8DD /* Region.h in Headers */ = {isa = PBXBuildFile; fileRef = 95CC87212C488710009FB8DD /* Region.h */; };
		95CC87922C488710009FB8DD /* Riot.h in Headers */ = {isa = PBXBuildFile; fileRef = 95CC87232C488710009FB8DD /* Riot.h */; };
		95CC87942C488710009FB8DD /* Sally.h in Headers */ = {isa = PBXBuildFile; fileRef = 95CC87252C488710009FB8DD /* Sally.h */; };
		95CC87962C488710009FB8DD /* Tia.h in Headers */ = {isa = PBXBuildFile; fileRef = 95CC87272C488710009FB8DD /* Tia.h */; };
		95CC87A22C488710009FB8DD /* fopen_utf8.h in Headers */ = {isa = PBXBuildFile; fileRef = 95CC87392C488710009FB8DD /* fopen_utf8.h */; };
		95CC87A32C488710009FB8DD /* msvc.h in Headers */ = {isa = PBXBuildFile; fileRef = 95CC873A2C488710009FB8DD /* msvc.h */; };
		95CC87A42C488710009FB8DD /* posix_string.h in Headers */ = {isa = PBXBuildFile; fileRef = 95CC873B2C488710009FB8DD /* posix_string.h */; };
		95CC87A52C488710009FB8DD /* strcasestr.h in Headers */ = {isa = PBXBuildFile; fileRef = 95CC873C2C488710009FB8DD /* strcasestr.h */; };
		95CC87A62C488710009FB8DD /* strl.h in Headers */ = {isa = PBXBuildFile; fileRef = 95CC873D2C488710009FB8DD /* strl.h */; };
		95CC87A72C488710009FB8DD /* ps3_defines.h in Headers */ = {isa = PBXBuildFile; fileRef = 95CC873F2C488710009FB8DD /* ps3_defines.h */; };
		95CC87A82C488710009FB8DD /* utf.h in Headers */ = {isa = PBXBuildFile; fileRef = 95CC87412C488710009FB8DD /* utf.h */; };
		95CC87A92C488710009FB8DD /* file_path.h in Headers */ = {isa = PBXBuildFile; fileRef = 95CC87432C488710009FB8DD /* file_path.h */; };
		95CC87AA2C488710009FB8DD /* file_stream.h in Headers */ = {isa = PBXBuildFile; fileRef = 95CC87452C488710009FB8DD /* file_stream.h */; };
		95CC87AB2C488710009FB8DD /* stdstring.h in Headers */ = {isa = PBXBuildFile; fileRef = 95CC87472C488710009FB8DD /* stdstring.h */; };
		95CC87AC2C488710009FB8DD /* rtime.h in Headers */ = {isa = PBXBuildFile; fileRef = 95CC87492C488710009FB8DD /* rtime.h */; };
		95CC87AD2C488710009FB8DD /* vfs_implementation.h in Headers */ = {isa = PBXBuildFile; fileRef = 95CC874B2C488710009FB8DD /* vfs_implementation.h */; };
		95CC87AE2C488710009FB8DD /* vfs.h in Headers */ = {isa = PBXBuildFile; fileRef = 95CC874C2C488710009FB8DD /* vfs.h */; };
		95CC87AF2C488710009FB8DD /* boolean.h in Headers */ = {isa = PBXBuildFile; fileRef = 95CC874E2C488710009FB8DD /* boolean.h */; };
		95CC87B02C488710009FB8DD /* libretro.h in Headers */ = {isa = PBXBuildFile; fileRef = 95CC874F2C488710009FB8DD /* libretro.h */; };
		95CC87B12C488710009FB8DD /* retro_assert.h in Headers */ = {isa = PBXBuildFile; fileRef = 95CC87502C488710009FB8DD /* retro_assert.h */; };
		95CC87B22C488710009FB8DD /* retro_common_api.h in Headers */ = {isa = PBXBuildFile; fileRef = 95CC87512C488710009FB8DD /* retro_common_api.h */; };
		95CC87B32C488710009FB8DD /* retro_environment.h in Headers */ = {isa = PBXBuildFile; fileRef = 95CC87522C488710009FB8DD /* retro_environment.h */; };
		95CC87B42C488710009FB8DD /* retro_inline.h in Headers */ = {isa = PBXBuildFile; fileRef = 95CC87532C488710009FB8DD /* retro_inline.h */; };
		95CC87B52C488710009FB8DD /* retro_miscellaneous.h in Headers */ = {isa = PBXBuildFile; fileRef = 95CC87542C488710009FB8DD /* retro_miscellaneous.h */; };
		95CC87B62C488710009FB8DD /* retro_timers.h in Headers */ = {isa = PBXBuildFile; fileRef = 95CC87552C488710009FB8DD /* retro_timers.h */; };
		95CC87C42C48EBFE009FB8DD /* libretro.c in Sources */ = {isa = PBXBuildFile; fileRef = 95CC87132C488710009FB8DD /* libretro.c */; };
		95CC87C52C48EC01009FB8DD /* Bios.c in Sources */ = {isa = PBXBuildFile; fileRef = 95CC87052C488710009FB8DD /* Bios.c */; };
		95CC87C62C48EC04009FB8DD /* BupChip.c in Sources */ = {isa = PBXBuildFile; fileRef = 95CC87082C488710009FB8DD /* BupChip.c */; };
		95CC87C72C48EC08009FB8DD /* Cartridge.c in Sources */ = {isa = PBXBuildFile; fileRef = 95CC870A2C488710009FB8DD /* Cartridge.c */; };
		95CC87C82C48EC10009FB8DD /* Database.c in Sources */ = {isa = PBXBuildFile; fileRef = 95CC870C2C488710009FB8DD /* Database.c */; };
		95CC87C92C48EC13009FB8DD /* Hash.c in Sources */ = {isa = PBXBuildFile; fileRef = 95CC870F2C488710009FB8DD /* Hash.c */; };
		95CC87CA2C48EC16009FB8DD /* Maria.c in Sources */ = {isa = PBXBuildFile; fileRef = 95CC87142C488710009FB8DD /* Maria.c */; };
		95CC87CB2C48EC20009FB8DD /* Memory.c in Sources */ = {isa = PBXBuildFile; fileRef = 95CC87162C488710009FB8DD /* Memory.c */; };
		95CC87CC2C48EC23009FB8DD /* Palette.c in Sources */ = {isa = PBXBuildFile; fileRef = 95CC87192C488710009FB8DD /* Palette.c */; };
		95CC87CD2C48EC26009FB8DD /* Pokey.c in Sources */ = {isa = PBXBuildFile; fileRef = 95CC871B2C488710009FB8DD /* Pokey.c */; };
		95CC87CE2C48EC29009FB8DD /* ProSystem.c in Sources */ = {isa = PBXBuildFile; fileRef = 95CC871D2C488710009FB8DD /* ProSystem.c */; };
		95CC87CF2C48EC32009FB8DD /* Region.c in Sources */ = {isa = PBXBuildFile; fileRef = 95CC87202C488710009FB8DD /* Region.c */; };
		95CC87D02C48EC35009FB8DD /* Riot.c in Sources */ = {isa = PBXBuildFile; fileRef = 95CC87222C488710009FB8DD /* Riot.c */; };
		95CC87D12C48EC37009FB8DD /* Sally.c in Sources */ = {isa = PBXBuildFile; fileRef = 95CC87242C488710009FB8DD /* Sally.c */; };
		95CC87D22C48EC3A009FB8DD /* Tia.c in Sources */ = {isa = PBXBuildFile; fileRef = 95CC87262C488710009FB8DD /* Tia.c */; };
		95CC87D32C48EC46009FB8DD /* channel.c in Sources */ = {isa = PBXBuildFile; fileRef = 95CC86F92C488710009FB8DD /* channel.c */; };
		95CC87D42C48EC48009FB8DD /* coretone.c in Sources */ = {isa = PBXBuildFile; fileRef = 95CC86FB2C488710009FB8DD /* coretone.c */; };
		95CC87D52C48EC4B009FB8DD /* music.c in Sources */ = {isa = PBXBuildFile; fileRef = 95CC86FD2C488710009FB8DD /* music.c */; };
		95CC87D62C48EC4D009FB8DD /* sample.c in Sources */ = {isa = PBXBuildFile; fileRef = 95CC86FF2C488710009FB8DD /* sample.c */; };
		95CC87D72C48EC5F009FB8DD /* compat_posix_string.c in Sources */ = {isa = PBXBuildFile; fileRef = 95CC872C2C488710009FB8DD /* compat_posix_string.c */; };
		95CC87D82C48EC61009FB8DD /* compat_snprintf.c in Sources */ = {isa = PBXBuildFile; fileRef = 95CC872D2C488710009FB8DD /* compat_snprintf.c */; };
		95CC87D92C48EC64009FB8DD /* compat_strcasestr.c in Sources */ = {isa = PBXBuildFile; fileRef = 95CC872E2C488710009FB8DD /* compat_strcasestr.c */; };
		95CC87DA2C48EC6C009FB8DD /* compat_strl.c in Sources */ = {isa = PBXBuildFile; fileRef = 95CC872F2C488710009FB8DD /* compat_strl.c */; };
		95CC87DB2C48EC6E009FB8DD /* fopen_utf8.c in Sources */ = {isa = PBXBuildFile; fileRef = 95CC87302C488710009FB8DD /* fopen_utf8.c */; };
		95CC87DC2C48EC79009FB8DD /* encoding_utf.c in Sources */ = {isa = PBXBuildFile; fileRef = 95CC87322C488710009FB8DD /* encoding_utf.c */; };
		95CC87DD2C48EC82009FB8DD /* file_path_io.c in Sources */ = {isa = PBXBuildFile; fileRef = 95CC87342C488710009FB8DD /* file_path_io.c */; };
		95CC87DE2C48EC84009FB8DD /* file_path.c in Sources */ = {isa = PBXBuildFile; fileRef = 95CC87352C488710009FB8DD /* file_path.c */; };
		95CC87DF2C48EC8F009FB8DD /* file_stream.c in Sources */ = {isa = PBXBuildFile; fileRef = 95CC87582C488710009FB8DD /* file_stream.c */; };
		95CC87E02C48EC90009FB8DD /* file_stream_transforms.c in Sources */ = {isa = PBXBuildFile; fileRef = 95CC87572C488710009FB8DD /* file_stream_transforms.c */; };
		95CC87E12C48EC99009FB8DD /* stdstring.c in Sources */ = {isa = PBXBuildFile; fileRef = 95CC875A2C488710009FB8DD /* stdstring.c */; };
		95CC87E22C48EC9C009FB8DD /* rtime.c in Sources */ = {isa = PBXBuildFile; fileRef = 95CC875C2C488710009FB8DD /* rtime.c */; };
		95CC87E32C48EC9F009FB8DD /* vfs_implementation.c in Sources */ = {isa = PBXBuildFile; fileRef = 95CC875E2C488710009FB8DD /* vfs_implementation.c */; };
		95CC87E52C48ED40009FB8DD /* Atari7800Core.swift in Sources */ = {isa = PBXBuildFile; fileRef = 95CC87E42C48ED40009FB8DD /* Atari7800Core.swift */; };
		95CC87E82C48ED4D009FB8DD /* ArcadiaCore.framework in Frameworks */ = {isa = PBXBuildFile; fileRef = 95CC87E72C48ED4D009FB8DD /* ArcadiaCore.framework */; };
/* End PBXBuildFile section */

/* Begin PBXContainerItemProxy section */
		95CC86EB2C4885E0009FB8DD /* PBXContainerItemProxy */ = {
			isa = PBXContainerItemProxy;
			containerPortal = 95CC86D62C4885DF009FB8DD /* Project object */;
			proxyType = 1;
			remoteGlobalIDString = 95CC86DE2C4885DF009FB8DD;
			remoteInfo = ArcadiaAtari7800Core;
		};
/* End PBXContainerItemProxy section */

/* Begin PBXFileReference section */
		95CC86DF2C4885DF009FB8DD /* ArcadiaAtari7800Core.framework */ = {isa = PBXFileReference; explicitFileType = wrapper.framework; includeInIndex = 0; path = ArcadiaAtari7800Core.framework; sourceTree = BUILT_PRODUCTS_DIR; };
		95CC86E22C4885DF009FB8DD /* ArcadiaAtari7800Core.h */ = {isa = PBXFileReference; lastKnownFileType = sourcecode.c.h; path = ArcadiaAtari7800Core.h; sourceTree = "<group>"; };
		95CC86E32C4885DF009FB8DD /* ArcadiaAtari7800Core.docc */ = {isa = PBXFileReference; lastKnownFileType = folder.documentationcatalog; path = ArcadiaAtari7800Core.docc; sourceTree = "<group>"; };
		95CC86E92C4885E0009FB8DD /* ArcadiaAtari7800CoreTests.xctest */ = {isa = PBXFileReference; explicitFileType = wrapper.cfbundle; includeInIndex = 0; path = ArcadiaAtari7800CoreTests.xctest; sourceTree = BUILT_PRODUCTS_DIR; };
		95CC86EE2C4885E0009FB8DD /* ArcadiaAtari7800CoreTests.swift */ = {isa = PBXFileReference; lastKnownFileType = sourcecode.swift; path = ArcadiaAtari7800CoreTests.swift; sourceTree = "<group>"; };
		95CC86F92C488710009FB8DD /* channel.c */ = {isa = PBXFileReference; fileEncoding = 4; lastKnownFileType = sourcecode.c.c; path = channel.c; sourceTree = "<group>"; };
		95CC86FA2C488710009FB8DD /* channel.h */ = {isa = PBXFileReference; fileEncoding = 4; lastKnownFileType = sourcecode.c.h; path = channel.h; sourceTree = "<group>"; };
		95CC86FB2C488710009FB8DD /* coretone.c */ = {isa = PBXFileReference; fileEncoding = 4; lastKnownFileType = sourcecode.c.c; path = coretone.c; sourceTree = "<group>"; };
		95CC86FC2C488710009FB8DD /* coretone.h */ = {isa = PBXFileReference; fileEncoding = 4; lastKnownFileType = sourcecode.c.h; path = coretone.h; sourceTree = "<group>"; };
		95CC86FD2C488710009FB8DD /* music.c */ = {isa = PBXFileReference; fileEncoding = 4; lastKnownFileType = sourcecode.c.c; path = music.c; sourceTree = "<group>"; };
		95CC86FE2C488710009FB8DD /* music.h */ = {isa = PBXFileReference; fileEncoding = 4; lastKnownFileType = sourcecode.c.h; path = music.h; sourceTree = "<group>"; };
		95CC86FF2C488710009FB8DD /* sample.c */ = {isa = PBXFileReference; fileEncoding = 4; lastKnownFileType = sourcecode.c.c; path = sample.c; sourceTree = "<group>"; };
		95CC87002C488710009FB8DD /* sample.h */ = {isa = PBXFileReference; fileEncoding = 4; lastKnownFileType = sourcecode.c.h; path = sample.h; sourceTree = "<group>"; };
		95CC87022C488710009FB8DD /* License.txt */ = {isa = PBXFileReference; fileEncoding = 4; lastKnownFileType = text; path = License.txt; sourceTree = "<group>"; };
		95CC87032C488710009FB8DD /* types.h */ = {isa = PBXFileReference; fileEncoding = 4; lastKnownFileType = sourcecode.c.h; path = types.h; sourceTree = "<group>"; };
		95CC87052C488710009FB8DD /* Bios.c */ = {isa = PBXFileReference; fileEncoding = 4; lastKnownFileType = sourcecode.c.c; path = Bios.c; sourceTree = "<group>"; };
		95CC87062C488710009FB8DD /* Bios.h */ = {isa = PBXFileReference; fileEncoding = 4; lastKnownFileType = sourcecode.c.h; path = Bios.h; sourceTree = "<group>"; };
		95CC87072C488710009FB8DD /* boolean.h */ = {isa = PBXFileReference; fileEncoding = 4; lastKnownFileType = sourcecode.c.h; path = boolean.h; sourceTree = "<group>"; };
		95CC87082C488710009FB8DD /* BupChip.c */ = {isa = PBXFileReference; fileEncoding = 4; lastKnownFileType = sourcecode.c.c; path = BupChip.c; sourceTree = "<group>"; };
		95CC87092C488710009FB8DD /* BupChip.h */ = {isa = PBXFileReference; fileEncoding = 4; lastKnownFileType = sourcecode.c.h; path = BupChip.h; sourceTree = "<group>"; };
		95CC870A2C488710009FB8DD /* Cartridge.c */ = {isa = PBXFileReference; fileEncoding = 4; lastKnownFileType = sourcecode.c.c; path = Cartridge.c; sourceTree = "<group>"; };
		95CC870B2C488710009FB8DD /* Cartridge.h */ = {isa = PBXFileReference; fileEncoding = 4; lastKnownFileType = sourcecode.c.h; path = Cartridge.h; sourceTree = "<group>"; };
		95CC870C2C488710009FB8DD /* Database.c */ = {isa = PBXFileReference; fileEncoding = 4; lastKnownFileType = sourcecode.c.c; path = Database.c; sourceTree = "<group>"; };
		95CC870D2C488710009FB8DD /* Database.h */ = {isa = PBXFileReference; fileEncoding = 4; lastKnownFileType = sourcecode.c.h; path = Database.h; sourceTree = "<group>"; };
		95CC870E2C488710009FB8DD /* Equates.h */ = {isa = PBXFileReference; fileEncoding = 4; lastKnownFileType = sourcecode.c.h; path = Equates.h; sourceTree = "<group>"; };
		95CC870F2C488710009FB8DD /* Hash.c */ = {isa = PBXFileReference; fileEncoding = 4; lastKnownFileType = sourcecode.c.c; path = Hash.c; sourceTree = "<group>"; };
		95CC87102C488710009FB8DD /* Hash.h */ = {isa = PBXFileReference; fileEncoding = 4; lastKnownFileType = sourcecode.c.h; path = Hash.h; sourceTree = "<group>"; };
		95CC87112C488710009FB8DD /* libretro_core_options_intl.h */ = {isa = PBXFileReference; fileEncoding = 4; lastKnownFileType = sourcecode.c.h; path = libretro_core_options_intl.h; sourceTree = "<group>"; };
		95CC87122C488710009FB8DD /* libretro_core_options.h */ = {isa = PBXFileReference; fileEncoding = 4; lastKnownFileType = sourcecode.c.h; path = libretro_core_options.h; sourceTree = "<group>"; };
		95CC87132C488710009FB8DD /* libretro.c */ = {isa = PBXFileReference; fileEncoding = 4; lastKnownFileType = sourcecode.c.c; path = libretro.c; sourceTree = "<group>"; };
		95CC87142C488710009FB8DD /* Maria.c */ = {isa = PBXFileReference; fileEncoding = 4; lastKnownFileType = sourcecode.c.c; path = Maria.c; sourceTree = "<group>"; };
		95CC87152C488710009FB8DD /* Maria.h */ = {isa = PBXFileReference; fileEncoding = 4; lastKnownFileType = sourcecode.c.h; path = Maria.h; sourceTree = "<group>"; };
		95CC87162C488710009FB8DD /* Memory.c */ = {isa = PBXFileReference; fileEncoding = 4; lastKnownFileType = sourcecode.c.c; path = Memory.c; sourceTree = "<group>"; };
		95CC87172C488710009FB8DD /* Memory.h */ = {isa = PBXFileReference; fileEncoding = 4; lastKnownFileType = sourcecode.c.h; path = Memory.h; sourceTree = "<group>"; };
		95CC87182C488710009FB8DD /* Pair.h */ = {isa = PBXFileReference; fileEncoding = 4; lastKnownFileType = sourcecode.c.h; path = Pair.h; sourceTree = "<group>"; };
		95CC87192C488710009FB8DD /* Palette.c */ = {isa = PBXFileReference; fileEncoding = 4; lastKnownFileType = sourcecode.c.c; path = Palette.c; sourceTree = "<group>"; };
		95CC871A2C488710009FB8DD /* Palette.h */ = {isa = PBXFileReference; fileEncoding = 4; lastKnownFileType = sourcecode.c.h; path = Palette.h; sourceTree = "<group>"; };
		95CC871B2C488710009FB8DD /* Pokey.c */ = {isa = PBXFileReference; fileEncoding = 4; lastKnownFileType = sourcecode.c.c; path = Pokey.c; sourceTree = "<group>"; };
		95CC871C2C488710009FB8DD /* Pokey.h */ = {isa = PBXFileReference; fileEncoding = 4; lastKnownFileType = sourcecode.c.h; path = Pokey.h; sourceTree = "<group>"; };
		95CC871D2C488710009FB8DD /* ProSystem.c */ = {isa = PBXFileReference; fileEncoding = 4; lastKnownFileType = sourcecode.c.c; path = ProSystem.c; sourceTree = "<group>"; };
		95CC871E2C488710009FB8DD /* ProSystem.h */ = {isa = PBXFileReference; fileEncoding = 4; lastKnownFileType = sourcecode.c.h; path = ProSystem.h; sourceTree = "<group>"; };
		95CC871F2C488710009FB8DD /* Rect.h */ = {isa = PBXFileReference; fileEncoding = 4; lastKnownFileType = sourcecode.c.h; path = Rect.h; sourceTree = "<group>"; };
		95CC87202C488710009FB8DD /* Region.c */ = {isa = PBXFileReference; fileEncoding = 4; lastKnownFileType = sourcecode.c.c; path = Region.c; sourceTree = "<group>"; };
		95CC87212C488710009FB8DD /* Region.h */ = {isa = PBXFileReference; fileEncoding = 4; lastKnownFileType = sourcecode.c.h; path = Region.h; sourceTree = "<group>"; };
		95CC87222C488710009FB8DD /* Riot.c */ = {isa = PBXFileReference; fileEncoding = 4; lastKnownFileType = sourcecode.c.c; path = Riot.c; sourceTree = "<group>"; };
		95CC87232C488710009FB8DD /* Riot.h */ = {isa = PBXFileReference; fileEncoding = 4; lastKnownFileType = sourcecode.c.h; path = Riot.h; sourceTree = "<group>"; };
		95CC87242C488710009FB8DD /* Sally.c */ = {isa = PBXFileReference; fileEncoding = 4; lastKnownFileType = sourcecode.c.c; path = Sally.c; sourceTree = "<group>"; };
		95CC87252C488710009FB8DD /* Sally.h */ = {isa = PBXFileReference; fileEncoding = 4; lastKnownFileType = sourcecode.c.h; path = Sally.h; sourceTree = "<group>"; };
		95CC87262C488710009FB8DD /* Tia.c */ = {isa = PBXFileReference; fileEncoding = 4; lastKnownFileType = sourcecode.c.c; path = Tia.c; sourceTree = "<group>"; };
		95CC87272C488710009FB8DD /* Tia.h */ = {isa = PBXFileReference; fileEncoding = 4; lastKnownFileType = sourcecode.c.h; path = Tia.h; sourceTree = "<group>"; };
		95CC87292C488710009FB8DD /* Android.mk */ = {isa = PBXFileReference; fileEncoding = 4; lastKnownFileType = text; path = Android.mk; sourceTree = "<group>"; };
		95CC872A2C488710009FB8DD /* Application.mk */ = {isa = PBXFileReference; fileEncoding = 4; lastKnownFileType = text; path = Application.mk; sourceTree = "<group>"; };
		95CC872C2C488710009FB8DD /* compat_posix_string.c */ = {isa = PBXFileReference; fileEncoding = 4; lastKnownFileType = sourcecode.c.c; path = compat_posix_string.c; sourceTree = "<group>"; };
		95CC872D2C488710009FB8DD /* compat_snprintf.c */ = {isa = PBXFileReference; fileEncoding = 4; lastKnownFileType = sourcecode.c.c; path = compat_snprintf.c; sourceTree = "<group>"; };
		95CC872E2C488710009FB8DD /* compat_strcasestr.c */ = {isa = PBXFileReference; fileEncoding = 4; lastKnownFileType = sourcecode.c.c; path = compat_strcasestr.c; sourceTree = "<group>"; };
		95CC872F2C488710009FB8DD /* compat_strl.c */ = {isa = PBXFileReference; fileEncoding = 4; lastKnownFileType = sourcecode.c.c; path = compat_strl.c; sourceTree = "<group>"; };
		95CC87302C488710009FB8DD /* fopen_utf8.c */ = {isa = PBXFileReference; fileEncoding = 4; lastKnownFileType = sourcecode.c.c; path = fopen_utf8.c; sourceTree = "<group>"; };
		95CC87322C488710009FB8DD /* encoding_utf.c */ = {isa = PBXFileReference; fileEncoding = 4; lastKnownFileType = sourcecode.c.c; path = encoding_utf.c; sourceTree = "<group>"; };
		95CC87342C488710009FB8DD /* file_path_io.c */ = {isa = PBXFileReference; fileEncoding = 4; lastKnownFileType = sourcecode.c.c; path = file_path_io.c; sourceTree = "<group>"; };
		95CC87352C488710009FB8DD /* file_path.c */ = {isa = PBXFileReference; fileEncoding = 4; lastKnownFileType = sourcecode.c.c; path = file_path.c; sourceTree = "<group>"; };
		95CC87372C488710009FB8DD /* stdint.h */ = {isa = PBXFileReference; fileEncoding = 4; lastKnownFileType = sourcecode.c.h; path = stdint.h; sourceTree = "<group>"; };
		95CC87392C488710009FB8DD /* fopen_utf8.h */ = {isa = PBXFileReference; fileEncoding = 4; lastKnownFileType = sourcecode.c.h; path = fopen_utf8.h; sourceTree = "<group>"; };
		95CC873A2C488710009FB8DD /* msvc.h */ = {isa = PBXFileReference; fileEncoding = 4; lastKnownFileType = sourcecode.c.h; path = msvc.h; sourceTree = "<group>"; };
		95CC873B2C488710009FB8DD /* posix_string.h */ = {isa = PBXFileReference; fileEncoding = 4; lastKnownFileType = sourcecode.c.h; path = posix_string.h; sourceTree = "<group>"; };
		95CC873C2C488710009FB8DD /* strcasestr.h */ = {isa = PBXFileReference; fileEncoding = 4; lastKnownFileType = sourcecode.c.h; path = strcasestr.h; sourceTree = "<group>"; };
		95CC873D2C488710009FB8DD /* strl.h */ = {isa = PBXFileReference; fileEncoding = 4; lastKnownFileType = sourcecode.c.h; path = strl.h; sourceTree = "<group>"; };
		95CC873F2C488710009FB8DD /* ps3_defines.h */ = {isa = PBXFileReference; fileEncoding = 4; lastKnownFileType = sourcecode.c.h; path = ps3_defines.h; sourceTree = "<group>"; };
		95CC87412C488710009FB8DD /* utf.h */ = {isa = PBXFileReference; fileEncoding = 4; lastKnownFileType = sourcecode.c.h; path = utf.h; sourceTree = "<group>"; };
		95CC87432C488710009FB8DD /* file_path.h */ = {isa = PBXFileReference; fileEncoding = 4; lastKnownFileType = sourcecode.c.h; path = file_path.h; sourceTree = "<group>"; };
		95CC87452C488710009FB8DD /* file_stream.h */ = {isa = PBXFileReference; fileEncoding = 4; lastKnownFileType = sourcecode.c.h; path = file_stream.h; sourceTree = "<group>"; };
		95CC87472C488710009FB8DD /* stdstring.h */ = {isa = PBXFileReference; fileEncoding = 4; lastKnownFileType = sourcecode.c.h; path = stdstring.h; sourceTree = "<group>"; };
		95CC87492C488710009FB8DD /* rtime.h */ = {isa = PBXFileReference; fileEncoding = 4; lastKnownFileType = sourcecode.c.h; path = rtime.h; sourceTree = "<group>"; };
		95CC874B2C488710009FB8DD /* vfs_implementation.h */ = {isa = PBXFileReference; fileEncoding = 4; lastKnownFileType = sourcecode.c.h; path = vfs_implementation.h; sourceTree = "<group>"; };
		95CC874C2C488710009FB8DD /* vfs.h */ = {isa = PBXFileReference; fileEncoding = 4; lastKnownFileType = sourcecode.c.h; path = vfs.h; sourceTree = "<group>"; };
		95CC874E2C488710009FB8DD /* boolean.h */ = {isa = PBXFileReference; fileEncoding = 4; lastKnownFileType = sourcecode.c.h; path = boolean.h; sourceTree = "<group>"; };
		95CC874F2C488710009FB8DD /* libretro.h */ = {isa = PBXFileReference; fileEncoding = 4; lastKnownFileType = sourcecode.c.h; path = libretro.h; sourceTree = "<group>"; };
		95CC87502C488710009FB8DD /* retro_assert.h */ = {isa = PBXFileReference; fileEncoding = 4; lastKnownFileType = sourcecode.c.h; path = retro_assert.h; sourceTree = "<group>"; };
		95CC87512C488710009FB8DD /* retro_common_api.h */ = {isa = PBXFileReference; fileEncoding = 4; lastKnownFileType = sourcecode.c.h; path = retro_common_api.h; sourceTree = "<group>"; };
		95CC87522C488710009FB8DD /* retro_environment.h */ = {isa = PBXFileReference; fileEncoding = 4; lastKnownFileType = sourcecode.c.h; path = retro_environment.h; sourceTree = "<group>"; };
		95CC87532C488710009FB8DD /* retro_inline.h */ = {isa = PBXFileReference; fileEncoding = 4; lastKnownFileType = sourcecode.c.h; path = retro_inline.h; sourceTree = "<group>"; };
		95CC87542C488710009FB8DD /* retro_miscellaneous.h */ = {isa = PBXFileReference; fileEncoding = 4; lastKnownFileType = sourcecode.c.h; path = retro_miscellaneous.h; sourceTree = "<group>"; };
		95CC87552C488710009FB8DD /* retro_timers.h */ = {isa = PBXFileReference; fileEncoding = 4; lastKnownFileType = sourcecode.c.h; path = retro_timers.h; sourceTree = "<group>"; };
		95CC87572C488710009FB8DD /* file_stream_transforms.c */ = {isa = PBXFileReference; fileEncoding = 4; lastKnownFileType = sourcecode.c.c; path = file_stream_transforms.c; sourceTree = "<group>"; };
		95CC87582C488710009FB8DD /* file_stream.c */ = {isa = PBXFileReference; fileEncoding = 4; lastKnownFileType = sourcecode.c.c; path = file_stream.c; sourceTree = "<group>"; };
		95CC875A2C488710009FB8DD /* stdstring.c */ = {isa = PBXFileReference; fileEncoding = 4; lastKnownFileType = sourcecode.c.c; path = stdstring.c; sourceTree = "<group>"; };
		95CC875C2C488710009FB8DD /* rtime.c */ = {isa = PBXFileReference; fileEncoding = 4; lastKnownFileType = sourcecode.c.c; path = rtime.c; sourceTree = "<group>"; };
		95CC875E2C488710009FB8DD /* vfs_implementation.c */ = {isa = PBXFileReference; fileEncoding = 4; lastKnownFileType = sourcecode.c.c; path = vfs_implementation.c; sourceTree = "<group>"; };
		95CC87612C488710009FB8DD /* .gitignore */ = {isa = PBXFileReference; fileEncoding = 4; lastKnownFileType = text; path = .gitignore; sourceTree = "<group>"; };
		95CC87622C488710009FB8DD /* .gitlab-ci.yml */ = {isa = PBXFileReference; fileEncoding = 4; lastKnownFileType = text.yaml; path = ".gitlab-ci.yml"; sourceTree = "<group>"; };
		95CC87632C488710009FB8DD /* .travis.yml */ = {isa = PBXFileReference; fileEncoding = 4; lastKnownFileType = text.yaml; path = .travis.yml; sourceTree = "<group>"; };
		95CC87642C488710009FB8DD /* License.txt */ = {isa = PBXFileReference; fileEncoding = 4; lastKnownFileType = text; path = License.txt; sourceTree = "<group>"; };
		95CC87652C488710009FB8DD /* link.T */ = {isa = PBXFileReference; fileEncoding = 4; lastKnownFileType = text; path = link.T; sourceTree = "<group>"; };
		95CC87662C488710009FB8DD /* Makefile */ = {isa = PBXFileReference; fileEncoding = 4; lastKnownFileType = sourcecode.make; path = Makefile; sourceTree = "<group>"; };
		95CC87672C488710009FB8DD /* Makefile.common */ = {isa = PBXFileReference; fileEncoding = 4; lastKnownFileType = text; path = Makefile.common; sourceTree = "<group>"; };
		95CC87682C488710009FB8DD /* README.md */ = {isa = PBXFileReference; fileEncoding = 4; lastKnownFileType = net.daringfireball.markdown; path = README.md; sourceTree = "<group>"; };
		95CC87E42C48ED40009FB8DD /* Atari7800Core.swift */ = {isa = PBXFileReference; lastKnownFileType = sourcecode.swift; path = Atari7800Core.swift; sourceTree = "<group>"; };
		95CC87E72C48ED4D009FB8DD /* ArcadiaCore.framework */ = {isa = PBXFileReference; explicitFileType = wrapper.framework; path = ArcadiaCore.framework; sourceTree = BUILT_PRODUCTS_DIR; };
/* End PBXFileReference section */

/* Begin PBXFrameworksBuildPhase section */
		95CC86DC2C4885DF009FB8DD /* Frameworks */ = {
			isa = PBXFrameworksBuildPhase;
			buildActionMask = 2147483647;
			files = (
				95CC87E82C48ED4D009FB8DD /* ArcadiaCore.framework in Frameworks */,
			);
			runOnlyForDeploymentPostprocessing = 0;
		};
		95CC86E62C4885E0009FB8DD /* Frameworks */ = {
			isa = PBXFrameworksBuildPhase;
			buildActionMask = 2147483647;
			files = (
				95CC86EA2C4885E0009FB8DD /* ArcadiaAtari7800Core.framework in Frameworks */,
			);
			runOnlyForDeploymentPostprocessing = 0;
		};
/* End PBXFrameworksBuildPhase section */

/* Begin PBXGroup section */
		95CC86D52C4885DF009FB8DD = {
			isa = PBXGroup;
			children = (
				95CC86E12C4885DF009FB8DD /* ArcadiaAtari7800Core */,
				95CC86ED2C4885E0009FB8DD /* ArcadiaAtari7800CoreTests */,
				95CC86E02C4885DF009FB8DD /* Products */,
				95CC87E62C48ED4D009FB8DD /* Frameworks */,
			);
			sourceTree = "<group>";
		};
		95CC86E02C4885DF009FB8DD /* Products */ = {
			isa = PBXGroup;
			children = (
				95CC86DF2C4885DF009FB8DD /* ArcadiaAtari7800Core.framework */,
				95CC86E92C4885E0009FB8DD /* ArcadiaAtari7800CoreTests.xctest */,
			);
			name = Products;
			sourceTree = "<group>";
		};
		95CC86E12C4885DF009FB8DD /* ArcadiaAtari7800Core */ = {
			isa = PBXGroup;
			children = (
				95CC87692C488710009FB8DD /* prosystem-libretro */,
				95CC86E22C4885DF009FB8DD /* ArcadiaAtari7800Core.h */,
				95CC86E32C4885DF009FB8DD /* ArcadiaAtari7800Core.docc */,
				95CC87E42C48ED40009FB8DD /* Atari7800Core.swift */,
			);
			path = ArcadiaAtari7800Core;
			sourceTree = "<group>";
		};
		95CC86ED2C4885E0009FB8DD /* ArcadiaAtari7800CoreTests */ = {
			isa = PBXGroup;
			children = (
				95CC86EE2C4885E0009FB8DD /* ArcadiaAtari7800CoreTests.swift */,
			);
			path = ArcadiaAtari7800CoreTests;
			sourceTree = "<group>";
		};
		95CC87012C488710009FB8DD /* coretone */ = {
			isa = PBXGroup;
			children = (
				95CC86F92C488710009FB8DD /* channel.c */,
				95CC86FA2C488710009FB8DD /* channel.h */,
				95CC86FB2C488710009FB8DD /* coretone.c */,
				95CC86FC2C488710009FB8DD /* coretone.h */,
				95CC86FD2C488710009FB8DD /* music.c */,
				95CC86FE2C488710009FB8DD /* music.h */,
				95CC86FF2C488710009FB8DD /* sample.c */,
				95CC87002C488710009FB8DD /* sample.h */,
			);
			path = coretone;
			sourceTree = "<group>";
		};
		95CC87042C488710009FB8DD /* bupboop */ = {
			isa = PBXGroup;
			children = (
				95CC87012C488710009FB8DD /* coretone */,
				95CC87022C488710009FB8DD /* License.txt */,
				95CC87032C488710009FB8DD /* types.h */,
			);
			path = bupboop;
			sourceTree = "<group>";
		};
		95CC87282C488710009FB8DD /* core */ = {
			isa = PBXGroup;
			children = (
				95CC87052C488710009FB8DD /* Bios.c */,
				95CC87062C488710009FB8DD /* Bios.h */,
				95CC87072C488710009FB8DD /* boolean.h */,
				95CC87082C488710009FB8DD /* BupChip.c */,
				95CC87092C488710009FB8DD /* BupChip.h */,
				95CC870A2C488710009FB8DD /* Cartridge.c */,
				95CC870B2C488710009FB8DD /* Cartridge.h */,
				95CC870C2C488710009FB8DD /* Database.c */,
				95CC870D2C488710009FB8DD /* Database.h */,
				95CC870E2C488710009FB8DD /* Equates.h */,
				95CC870F2C488710009FB8DD /* Hash.c */,
				95CC87102C488710009FB8DD /* Hash.h */,
				95CC87112C488710009FB8DD /* libretro_core_options_intl.h */,
				95CC87122C488710009FB8DD /* libretro_core_options.h */,
				95CC87132C488710009FB8DD /* libretro.c */,
				95CC87142C488710009FB8DD /* Maria.c */,
				95CC87152C488710009FB8DD /* Maria.h */,
				95CC87162C488710009FB8DD /* Memory.c */,
				95CC87172C488710009FB8DD /* Memory.h */,
				95CC87182C488710009FB8DD /* Pair.h */,
				95CC87192C488710009FB8DD /* Palette.c */,
				95CC871A2C488710009FB8DD /* Palette.h */,
				95CC871B2C488710009FB8DD /* Pokey.c */,
				95CC871C2C488710009FB8DD /* Pokey.h */,
				95CC871D2C488710009FB8DD /* ProSystem.c */,
				95CC871E2C488710009FB8DD /* ProSystem.h */,
				95CC871F2C488710009FB8DD /* Rect.h */,
				95CC87202C488710009FB8DD /* Region.c */,
				95CC87212C488710009FB8DD /* Region.h */,
				95CC87222C488710009FB8DD /* Riot.c */,
				95CC87232C488710009FB8DD /* Riot.h */,
				95CC87242C488710009FB8DD /* Sally.c */,
				95CC87252C488710009FB8DD /* Sally.h */,
				95CC87262C488710009FB8DD /* Tia.c */,
				95CC87272C488710009FB8DD /* Tia.h */,
			);
			path = core;
			sourceTree = "<group>";
		};
		95CC872B2C488710009FB8DD /* jni */ = {
			isa = PBXGroup;
			children = (
				95CC87292C488710009FB8DD /* Android.mk */,
				95CC872A2C488710009FB8DD /* Application.mk */,
			);
			path = jni;
			sourceTree = "<group>";
		};
		95CC87312C488710009FB8DD /* compat */ = {
			isa = PBXGroup;
			children = (
				95CC872C2C488710009FB8DD /* compat_posix_string.c */,
				95CC872D2C488710009FB8DD /* compat_snprintf.c */,
				95CC872E2C488710009FB8DD /* compat_strcasestr.c */,
				95CC872F2C488710009FB8DD /* compat_strl.c */,
				95CC87302C488710009FB8DD /* fopen_utf8.c */,
			);
			path = compat;
			sourceTree = "<group>";
		};
		95CC87332C488710009FB8DD /* encodings */ = {
			isa = PBXGroup;
			children = (
				95CC87322C488710009FB8DD /* encoding_utf.c */,
			);
			path = encodings;
			sourceTree = "<group>";
		};
		95CC87362C488710009FB8DD /* file */ = {
			isa = PBXGroup;
			children = (
				95CC87342C488710009FB8DD /* file_path_io.c */,
				95CC87352C488710009FB8DD /* file_path.c */,
			);
			path = file;
			sourceTree = "<group>";
		};
		95CC87382C488710009FB8DD /* msvc */ = {
			isa = PBXGroup;
			children = (
				95CC87372C488710009FB8DD /* stdint.h */,
			);
			path = msvc;
			sourceTree = "<group>";
		};
		95CC873E2C488710009FB8DD /* compat */ = {
			isa = PBXGroup;
			children = (
				95CC87382C488710009FB8DD /* msvc */,
				95CC87392C488710009FB8DD /* fopen_utf8.h */,
				95CC873A2C488710009FB8DD /* msvc.h */,
				95CC873B2C488710009FB8DD /* posix_string.h */,
				95CC873C2C488710009FB8DD /* strcasestr.h */,
				95CC873D2C488710009FB8DD /* strl.h */,
			);
			path = compat;
			sourceTree = "<group>";
		};
		95CC87402C488710009FB8DD /* defines */ = {
			isa = PBXGroup;
			children = (
				95CC873F2C488710009FB8DD /* ps3_defines.h */,
			);
			path = defines;
			sourceTree = "<group>";
		};
		95CC87422C488710009FB8DD /* encodings */ = {
			isa = PBXGroup;
			children = (
				95CC87412C488710009FB8DD /* utf.h */,
			);
			path = encodings;
			sourceTree = "<group>";
		};
		95CC87442C488710009FB8DD /* file */ = {
			isa = PBXGroup;
			children = (
				95CC87432C488710009FB8DD /* file_path.h */,
			);
			path = file;
			sourceTree = "<group>";
		};
		95CC87462C488710009FB8DD /* streams */ = {
			isa = PBXGroup;
			children = (
				95CC87452C488710009FB8DD /* file_stream.h */,
			);
			path = streams;
			sourceTree = "<group>";
		};
		95CC87482C488710009FB8DD /* string */ = {
			isa = PBXGroup;
			children = (
				95CC87472C488710009FB8DD /* stdstring.h */,
			);
			path = string;
			sourceTree = "<group>";
		};
		95CC874A2C488710009FB8DD /* time */ = {
			isa = PBXGroup;
			children = (
				95CC87492C488710009FB8DD /* rtime.h */,
			);
			path = time;
			sourceTree = "<group>";
		};
		95CC874D2C488710009FB8DD /* vfs */ = {
			isa = PBXGroup;
			children = (
				95CC874B2C488710009FB8DD /* vfs_implementation.h */,
				95CC874C2C488710009FB8DD /* vfs.h */,
			);
			path = vfs;
			sourceTree = "<group>";
		};
		95CC87562C488710009FB8DD /* include */ = {
			isa = PBXGroup;
			children = (
				95CC873E2C488710009FB8DD /* compat */,
				95CC87402C488710009FB8DD /* defines */,
				95CC87422C488710009FB8DD /* encodings */,
				95CC87442C488710009FB8DD /* file */,
				95CC87462C488710009FB8DD /* streams */,
				95CC87482C488710009FB8DD /* string */,
				95CC874A2C488710009FB8DD /* time */,
				95CC874D2C488710009FB8DD /* vfs */,
				95CC874E2C488710009FB8DD /* boolean.h */,
				95CC874F2C488710009FB8DD /* libretro.h */,
				95CC87502C488710009FB8DD /* retro_assert.h */,
				95CC87512C488710009FB8DD /* retro_common_api.h */,
				95CC87522C488710009FB8DD /* retro_environment.h */,
				95CC87532C488710009FB8DD /* retro_inline.h */,
				95CC87542C488710009FB8DD /* retro_miscellaneous.h */,
				95CC87552C488710009FB8DD /* retro_timers.h */,
			);
			path = include;
			sourceTree = "<group>";
		};
		95CC87592C488710009FB8DD /* streams */ = {
			isa = PBXGroup;
			children = (
				95CC87572C488710009FB8DD /* file_stream_transforms.c */,
				95CC87582C488710009FB8DD /* file_stream.c */,
			);
			path = streams;
			sourceTree = "<group>";
		};
		95CC875B2C488710009FB8DD /* string */ = {
			isa = PBXGroup;
			children = (
				95CC875A2C488710009FB8DD /* stdstring.c */,
			);
			path = string;
			sourceTree = "<group>";
		};
		95CC875D2C488710009FB8DD /* time */ = {
			isa = PBXGroup;
			children = (
				95CC875C2C488710009FB8DD /* rtime.c */,
			);
			path = time;
			sourceTree = "<group>";
		};
		95CC875F2C488710009FB8DD /* vfs */ = {
			isa = PBXGroup;
			children = (
				95CC875E2C488710009FB8DD /* vfs_implementation.c */,
			);
			path = vfs;
			sourceTree = "<group>";
		};
		95CC87602C488710009FB8DD /* libretro-common */ = {
			isa = PBXGroup;
			children = (
				95CC87312C488710009FB8DD /* compat */,
				95CC87332C488710009FB8DD /* encodings */,
				95CC87362C488710009FB8DD /* file */,
				95CC87562C488710009FB8DD /* include */,
				95CC87592C488710009FB8DD /* streams */,
				95CC875B2C488710009FB8DD /* string */,
				95CC875D2C488710009FB8DD /* time */,
				95CC875F2C488710009FB8DD /* vfs */,
			);
			path = "libretro-common";
			sourceTree = "<group>";
		};
		95CC87692C488710009FB8DD /* prosystem-libretro */ = {
			isa = PBXGroup;
			children = (
				95CC87042C488710009FB8DD /* bupboop */,
				95CC87282C488710009FB8DD /* core */,
				95CC872B2C488710009FB8DD /* jni */,
				95CC87602C488710009FB8DD /* libretro-common */,
				95CC87612C488710009FB8DD /* .gitignore */,
				95CC87622C488710009FB8DD /* .gitlab-ci.yml */,
				95CC87632C488710009FB8DD /* .travis.yml */,
				95CC87642C488710009FB8DD /* License.txt */,
				95CC87652C488710009FB8DD /* link.T */,
				95CC87662C488710009FB8DD /* Makefile */,
				95CC87672C488710009FB8DD /* Makefile.common */,
				95CC87682C488710009FB8DD /* README.md */,
			);
			path = "prosystem-libretro";
			sourceTree = "<group>";
		};
		95CC87E62C48ED4D009FB8DD /* Frameworks */ = {
			isa = PBXGroup;
			children = (
				95CC87E72C48ED4D009FB8DD /* ArcadiaCore.framework */,
			);
			name = Frameworks;
			sourceTree = "<group>";
		};
/* End PBXGroup section */

/* Begin PBXHeadersBuildPhase section */
		95CC86DA2C4885DF009FB8DD /* Headers */ = {
			isa = PBXHeadersBuildPhase;
			buildActionMask = 2147483647;
			files = (
				95CC878D2C488710009FB8DD /* ProSystem.h in Headers */,
				95CC87A62C488710009FB8DD /* strl.h in Headers */,
				95CC87A52C488710009FB8DD /* strcasestr.h in Headers */,
				95CC87872C488710009FB8DD /* Pair.h in Headers */,
				95CC87B42C488710009FB8DD /* retro_inline.h in Headers */,
				95CC877F2C488710009FB8DD /* Hash.h in Headers */,
				95CC87B52C488710009FB8DD /* retro_miscellaneous.h in Headers */,
				95CC87892C488710009FB8DD /* Palette.h in Headers */,
				95CC87782C488710009FB8DD /* BupChip.h in Headers */,
				95CC87962C488710009FB8DD /* Tia.h in Headers */,
				95CC87902C488710009FB8DD /* Region.h in Headers */,
				95CC87752C488710009FB8DD /* Bios.h in Headers */,
				95CC87AE2C488710009FB8DD /* vfs.h in Headers */,
				95CC87942C488710009FB8DD /* Sally.h in Headers */,
				95CC87AF2C488710009FB8DD /* boolean.h in Headers */,
				95CC87B22C488710009FB8DD /* retro_common_api.h in Headers */,
				95CC877A2C488710009FB8DD /* Cartridge.h in Headers */,
				95CC877D2C488710009FB8DD /* Equates.h in Headers */,
				95CC87732C488710009FB8DD /* types.h in Headers */,
				95CC87922C488710009FB8DD /* Riot.h in Headers */,
				95CC87B32C488710009FB8DD /* retro_environment.h in Headers */,
				95CC87B02C488710009FB8DD /* libretro.h in Headers */,
				95CC87A92C488710009FB8DD /* file_path.h in Headers */,
				95CC87AD2C488710009FB8DD /* vfs_implementation.h in Headers */,
				95CC87A42C488710009FB8DD /* posix_string.h in Headers */,
				95CC87A82C488710009FB8DD /* utf.h in Headers */,
				95CC87812C488710009FB8DD /* libretro_core_options.h in Headers */,
				95CC87842C488710009FB8DD /* Maria.h in Headers */,
				95CC87A72C488710009FB8DD /* ps3_defines.h in Headers */,
				95CC87802C488710009FB8DD /* libretro_core_options_intl.h in Headers */,
				95CC87B12C488710009FB8DD /* retro_assert.h in Headers */,
				95CC87A22C488710009FB8DD /* fopen_utf8.h in Headers */,
				95CC876D2C488710009FB8DD /* coretone.h in Headers */,
				95CC87862C488710009FB8DD /* Memory.h in Headers */,
				95CC87B62C488710009FB8DD /* retro_timers.h in Headers */,
				95CC878B2C488710009FB8DD /* Pokey.h in Headers */,
				95CC87712C488710009FB8DD /* sample.h in Headers */,
				95CC876B2C488710009FB8DD /* channel.h in Headers */,
				95CC876F2C488710009FB8DD /* music.h in Headers */,
				95CC86F02C4885E0009FB8DD /* ArcadiaAtari7800Core.h in Headers */,
				95CC87762C488710009FB8DD /* boolean.h in Headers */,
				95CC87AC2C488710009FB8DD /* rtime.h in Headers */,
				95CC878E2C488710009FB8DD /* Rect.h in Headers */,
				95CC87A32C488710009FB8DD /* msvc.h in Headers */,
				95CC87AB2C488710009FB8DD /* stdstring.h in Headers */,
				95CC87AA2C488710009FB8DD /* file_stream.h in Headers */,
				95CC877C2C488710009FB8DD /* Database.h in Headers */,
			);
			runOnlyForDeploymentPostprocessing = 0;
		};
/* End PBXHeadersBuildPhase section */

/* Begin PBXNativeTarget section */
		95CC86DE2C4885DF009FB8DD /* ArcadiaAtari7800Core */ = {
			isa = PBXNativeTarget;
			buildConfigurationList = 95CC86F32C4885E0009FB8DD /* Build configuration list for PBXNativeTarget "ArcadiaAtari7800Core" */;
			buildPhases = (
				95CC86DA2C4885DF009FB8DD /* Headers */,
				95CC86DB2C4885DF009FB8DD /* Sources */,
				95CC86DC2C4885DF009FB8DD /* Frameworks */,
				95CC86DD2C4885DF009FB8DD /* Resources */,
			);
			buildRules = (
			);
			dependencies = (
			);
			name = ArcadiaAtari7800Core;
			productName = ArcadiaAtari7800Core;
			productReference = 95CC86DF2C4885DF009FB8DD /* ArcadiaAtari7800Core.framework */;
			productType = "com.apple.product-type.framework";
		};
		95CC86E82C4885E0009FB8DD /* ArcadiaAtari7800CoreTests */ = {
			isa = PBXNativeTarget;
			buildConfigurationList = 95CC86F62C4885E0009FB8DD /* Build configuration list for PBXNativeTarget "ArcadiaAtari7800CoreTests" */;
			buildPhases = (
				95CC86E52C4885E0009FB8DD /* Sources */,
				95CC86E62C4885E0009FB8DD /* Frameworks */,
				95CC86E72C4885E0009FB8DD /* Resources */,
			);
			buildRules = (
			);
			dependencies = (
				95CC86EC2C4885E0009FB8DD /* PBXTargetDependency */,
			);
			name = ArcadiaAtari7800CoreTests;
			productName = ArcadiaAtari7800CoreTests;
			productReference = 95CC86E92C4885E0009FB8DD /* ArcadiaAtari7800CoreTests.xctest */;
			productType = "com.apple.product-type.bundle.unit-test";
		};
/* End PBXNativeTarget section */

/* Begin PBXProject section */
		95CC86D62C4885DF009FB8DD /* Project object */ = {
			isa = PBXProject;
			attributes = {
				BuildIndependentTargetsInParallel = 1;
				LastSwiftUpdateCheck = 1540;
				LastUpgradeCheck = 1540;
				TargetAttributes = {
					95CC86DE2C4885DF009FB8DD = {
						CreatedOnToolsVersion = 15.4;
						LastSwiftMigration = 1540;
					};
					95CC86E82C4885E0009FB8DD = {
						CreatedOnToolsVersion = 15.4;
					};
				};
			};
			buildConfigurationList = 95CC86D92C4885DF009FB8DD /* Build configuration list for PBXProject "ArcadiaAtari7800Core" */;
			compatibilityVersion = "Xcode 14.0";
			developmentRegion = en;
			hasScannedForEncodings = 0;
			knownRegions = (
				en,
				Base,
			);
			mainGroup = 95CC86D52C4885DF009FB8DD;
			productRefGroup = 95CC86E02C4885DF009FB8DD /* Products */;
			projectDirPath = "";
			projectRoot = "";
			targets = (
				95CC86DE2C4885DF009FB8DD /* ArcadiaAtari7800Core */,
				95CC86E82C4885E0009FB8DD /* ArcadiaAtari7800CoreTests */,
			);
		};
/* End PBXProject section */

/* Begin PBXResourcesBuildPhase section */
		95CC86DD2C4885DF009FB8DD /* Resources */ = {
			isa = PBXResourcesBuildPhase;
			buildActionMask = 2147483647;
			files = (
			);
			runOnlyForDeploymentPostprocessing = 0;
		};
		95CC86E72C4885E0009FB8DD /* Resources */ = {
			isa = PBXResourcesBuildPhase;
			buildActionMask = 2147483647;
			files = (
			);
			runOnlyForDeploymentPostprocessing = 0;
		};
/* End PBXResourcesBuildPhase section */

/* Begin PBXSourcesBuildPhase section */
		95CC86DB2C4885DF009FB8DD /* Sources */ = {
			isa = PBXSourcesBuildPhase;
			buildActionMask = 2147483647;
			files = (
				95CC86E42C4885DF009FB8DD /* ArcadiaAtari7800Core.docc in Sources */,
				95CC87C42C48EBFE009FB8DD /* libretro.c in Sources */,
				95CC87C52C48EC01009FB8DD /* Bios.c in Sources */,
				95CC87C62C48EC04009FB8DD /* BupChip.c in Sources */,
				95CC87C72C48EC08009FB8DD /* Cartridge.c in Sources */,
				95CC87C82C48EC10009FB8DD /* Database.c in Sources */,
				95CC87C92C48EC13009FB8DD /* Hash.c in Sources */,
				95CC87CA2C48EC16009FB8DD /* Maria.c in Sources */,
				95CC87CB2C48EC20009FB8DD /* Memory.c in Sources */,
				95CC87E02C48EC90009FB8DD /* file_stream_transforms.c in Sources */,
				95CC87E12C48EC99009FB8DD /* stdstring.c in Sources */,
				95CC87D62C48EC4D009FB8DD /* sample.c in Sources */,
				95CC87E32C48EC9F009FB8DD /* vfs_implementation.c in Sources */,
				95CC87D82C48EC61009FB8DD /* compat_snprintf.c in Sources */,
				95CC87DF2C48EC8F009FB8DD /* file_stream.c in Sources */,
				95CC87E22C48EC9C009FB8DD /* rtime.c in Sources */,
				95CC87DE2C48EC84009FB8DD /* file_path.c in Sources */,
				95CC87DD2C48EC82009FB8DD /* file_path_io.c in Sources */,
				95CC87D52C48EC4B009FB8DD /* music.c in Sources */,
				95CC87DB2C48EC6E009FB8DD /* fopen_utf8.c in Sources */,
				95CC87DC2C48EC79009FB8DD /* encoding_utf.c in Sources */,
				95CC87E52C48ED40009FB8DD /* Atari7800Core.swift in Sources */,
				95CC87D42C48EC48009FB8DD /* coretone.c in Sources */,
				95CC87DA2C48EC6C009FB8DD /* compat_strl.c in Sources */,
				95CC87D92C48EC64009FB8DD /* compat_strcasestr.c in Sources */,
				95CC87D72C48EC5F009FB8DD /* compat_posix_string.c in Sources */,
				95CC87CD2C48EC26009FB8DD /* Pokey.c in Sources */,
				95CC87CC2C48EC23009FB8DD /* Palette.c in Sources */,
				95CC87D32C48EC46009FB8DD /* channel.c in Sources */,
				95CC87CE2C48EC29009FB8DD /* ProSystem.c in Sources */,
				95CC87CF2C48EC32009FB8DD /* Region.c in Sources */,
				95CC87D22C48EC3A009FB8DD /* Tia.c in Sources */,
				95CC87D02C48EC35009FB8DD /* Riot.c in Sources */,
				95CC87D12C48EC37009FB8DD /* Sally.c in Sources */,
			);
			runOnlyForDeploymentPostprocessing = 0;
		};
		95CC86E52C4885E0009FB8DD /* Sources */ = {
			isa = PBXSourcesBuildPhase;
			buildActionMask = 2147483647;
			files = (
				95CC86EF2C4885E0009FB8DD /* ArcadiaAtari7800CoreTests.swift in Sources */,
			);
			runOnlyForDeploymentPostprocessing = 0;
		};
/* End PBXSourcesBuildPhase section */

/* Begin PBXTargetDependency section */
		95CC86EC2C4885E0009FB8DD /* PBXTargetDependency */ = {
			isa = PBXTargetDependency;
			target = 95CC86DE2C4885DF009FB8DD /* ArcadiaAtari7800Core */;
			targetProxy = 95CC86EB2C4885E0009FB8DD /* PBXContainerItemProxy */;
		};
/* End PBXTargetDependency section */

/* Begin XCBuildConfiguration section */
		95CC86F12C4885E0009FB8DD /* Debug */ = {
			isa = XCBuildConfiguration;
			buildSettings = {
				ALWAYS_SEARCH_USER_PATHS = NO;
				ASSETCATALOG_COMPILER_GENERATE_SWIFT_ASSET_SYMBOL_EXTENSIONS = YES;
				CLANG_ANALYZER_NONNULL = YES;
				CLANG_ANALYZER_NUMBER_OBJECT_CONVERSION = YES_AGGRESSIVE;
				CLANG_CXX_LANGUAGE_STANDARD = "gnu++20";
				CLANG_ENABLE_MODULES = YES;
				CLANG_ENABLE_OBJC_ARC = YES;
				CLANG_ENABLE_OBJC_WEAK = YES;
				CLANG_WARN_BLOCK_CAPTURE_AUTORELEASING = YES;
				CLANG_WARN_BOOL_CONVERSION = YES;
				CLANG_WARN_COMMA = YES;
				CLANG_WARN_CONSTANT_CONVERSION = YES;
				CLANG_WARN_DEPRECATED_OBJC_IMPLEMENTATIONS = YES;
				CLANG_WARN_DIRECT_OBJC_ISA_USAGE = YES_ERROR;
				CLANG_WARN_DOCUMENTATION_COMMENTS = YES;
				CLANG_WARN_EMPTY_BODY = YES;
				CLANG_WARN_ENUM_CONVERSION = YES;
				CLANG_WARN_INFINITE_RECURSION = YES;
				CLANG_WARN_INT_CONVERSION = YES;
				CLANG_WARN_NON_LITERAL_NULL_CONVERSION = YES;
				CLANG_WARN_OBJC_IMPLICIT_RETAIN_SELF = YES;
				CLANG_WARN_OBJC_LITERAL_CONVERSION = YES;
				CLANG_WARN_OBJC_ROOT_CLASS = YES_ERROR;
				CLANG_WARN_QUOTED_INCLUDE_IN_FRAMEWORK_HEADER = YES;
				CLANG_WARN_RANGE_LOOP_ANALYSIS = YES;
				CLANG_WARN_STRICT_PROTOTYPES = YES;
				CLANG_WARN_SUSPICIOUS_MOVE = YES;
				CLANG_WARN_UNGUARDED_AVAILABILITY = YES_AGGRESSIVE;
				CLANG_WARN_UNREACHABLE_CODE = YES;
				CLANG_WARN__DUPLICATE_METHOD_MATCH = YES;
				COPY_PHASE_STRIP = NO;
				CURRENT_PROJECT_VERSION = 1;
				DEBUG_INFORMATION_FORMAT = dwarf;
				ENABLE_STRICT_OBJC_MSGSEND = YES;
				ENABLE_TESTABILITY = YES;
				ENABLE_USER_SCRIPT_SANDBOXING = YES;
				GCC_C_LANGUAGE_STANDARD = gnu17;
				GCC_DYNAMIC_NO_PIC = NO;
				GCC_NO_COMMON_BLOCKS = YES;
				GCC_OPTIMIZATION_LEVEL = 0;
				GCC_PREPROCESSOR_DEFINITIONS = (
					"DEBUG=1",
					"$(inherited)",
				);
				GCC_WARN_64_TO_32_BIT_CONVERSION = YES;
				GCC_WARN_ABOUT_RETURN_TYPE = YES_ERROR;
				GCC_WARN_UNDECLARED_SELECTOR = YES;
				GCC_WARN_UNINITIALIZED_AUTOS = YES_AGGRESSIVE;
				GCC_WARN_UNUSED_FUNCTION = YES;
				GCC_WARN_UNUSED_VARIABLE = YES;
				LOCALIZATION_PREFERS_STRING_CATALOGS = YES;
				MTL_ENABLE_DEBUG_INFO = INCLUDE_SOURCE;
				MTL_FAST_MATH = YES;
				ONLY_ACTIVE_ARCH = YES;
				SWIFT_ACTIVE_COMPILATION_CONDITIONS = "DEBUG $(inherited)";
				SWIFT_OPTIMIZATION_LEVEL = "-Onone";
				VERSIONING_SYSTEM = "apple-generic";
				VERSION_INFO_PREFIX = "";
			};
			name = Debug;
		};
		95CC86F22C4885E0009FB8DD /* Release */ = {
			isa = XCBuildConfiguration;
			buildSettings = {
				ALWAYS_SEARCH_USER_PATHS = NO;
				ASSETCATALOG_COMPILER_GENERATE_SWIFT_ASSET_SYMBOL_EXTENSIONS = YES;
				CLANG_ANALYZER_NONNULL = YES;
				CLANG_ANALYZER_NUMBER_OBJECT_CONVERSION = YES_AGGRESSIVE;
				CLANG_CXX_LANGUAGE_STANDARD = "gnu++20";
				CLANG_ENABLE_MODULES = YES;
				CLANG_ENABLE_OBJC_ARC = YES;
				CLANG_ENABLE_OBJC_WEAK = YES;
				CLANG_WARN_BLOCK_CAPTURE_AUTORELEASING = YES;
				CLANG_WARN_BOOL_CONVERSION = YES;
				CLANG_WARN_COMMA = YES;
				CLANG_WARN_CONSTANT_CONVERSION = YES;
				CLANG_WARN_DEPRECATED_OBJC_IMPLEMENTATIONS = YES;
				CLANG_WARN_DIRECT_OBJC_ISA_USAGE = YES_ERROR;
				CLANG_WARN_DOCUMENTATION_COMMENTS = YES;
				CLANG_WARN_EMPTY_BODY = YES;
				CLANG_WARN_ENUM_CONVERSION = YES;
				CLANG_WARN_INFINITE_RECURSION = YES;
				CLANG_WARN_INT_CONVERSION = YES;
				CLANG_WARN_NON_LITERAL_NULL_CONVERSION = YES;
				CLANG_WARN_OBJC_IMPLICIT_RETAIN_SELF = YES;
				CLANG_WARN_OBJC_LITERAL_CONVERSION = YES;
				CLANG_WARN_OBJC_ROOT_CLASS = YES_ERROR;
				CLANG_WARN_QUOTED_INCLUDE_IN_FRAMEWORK_HEADER = YES;
				CLANG_WARN_RANGE_LOOP_ANALYSIS = YES;
				CLANG_WARN_STRICT_PROTOTYPES = YES;
				CLANG_WARN_SUSPICIOUS_MOVE = YES;
				CLANG_WARN_UNGUARDED_AVAILABILITY = YES_AGGRESSIVE;
				CLANG_WARN_UNREACHABLE_CODE = YES;
				CLANG_WARN__DUPLICATE_METHOD_MATCH = YES;
				COPY_PHASE_STRIP = NO;
				CURRENT_PROJECT_VERSION = 1;
				DEBUG_INFORMATION_FORMAT = "dwarf-with-dsym";
				ENABLE_NS_ASSERTIONS = NO;
				ENABLE_STRICT_OBJC_MSGSEND = YES;
				ENABLE_USER_SCRIPT_SANDBOXING = YES;
				GCC_C_LANGUAGE_STANDARD = gnu17;
				GCC_NO_COMMON_BLOCKS = YES;
				GCC_WARN_64_TO_32_BIT_CONVERSION = YES;
				GCC_WARN_ABOUT_RETURN_TYPE = YES_ERROR;
				GCC_WARN_UNDECLARED_SELECTOR = YES;
				GCC_WARN_UNINITIALIZED_AUTOS = YES_AGGRESSIVE;
				GCC_WARN_UNUSED_FUNCTION = YES;
				GCC_WARN_UNUSED_VARIABLE = YES;
				LOCALIZATION_PREFERS_STRING_CATALOGS = YES;
				MTL_ENABLE_DEBUG_INFO = NO;
				MTL_FAST_MATH = YES;
				SWIFT_COMPILATION_MODE = wholemodule;
				VERSIONING_SYSTEM = "apple-generic";
				VERSION_INFO_PREFIX = "";
			};
			name = Release;
		};
		95CC86F42C4885E0009FB8DD /* Debug */ = {
			isa = XCBuildConfiguration;
			buildSettings = {
				ALLOW_TARGET_PLATFORM_SPECIALIZATION = YES;
				BUILD_LIBRARY_FOR_DISTRIBUTION = YES;
				CLANG_ENABLE_MODULES = YES;
				CODE_SIGN_STYLE = Automatic;
				CURRENT_PROJECT_VERSION = 1;
				DEFINES_MODULE = YES;
				DEVELOPMENT_TEAM = 32DR4Q2NF7;
				DYLIB_COMPATIBILITY_VERSION = 1;
				DYLIB_CURRENT_VERSION = 1;
				DYLIB_INSTALL_NAME_BASE = "@rpath";
				ENABLE_MODULE_VERIFIER = YES;
				GENERATE_INFOPLIST_FILE = YES;
				HEADER_SEARCH_PATHS = "${PROJECT_DIR}/ArcadiaAtari7800Core/prosystem-libretro/libretro-common/include";
				INFOPLIST_KEY_NSHumanReadableCopyright = "";
				INSTALL_PATH = "$(LOCAL_LIBRARY_DIR)/Frameworks";
				IPHONEOS_DEPLOYMENT_TARGET = 17.0;
				LD_RUNPATH_SEARCH_PATHS = (
					"@executable_path/Frameworks",
					"@loader_path/Frameworks",
				);
				"LD_RUNPATH_SEARCH_PATHS[sdk=macosx*]" = (
					"@executable_path/../Frameworks",
					"@loader_path/Frameworks",
				);
				MACOSX_DEPLOYMENT_TARGET = 14.0;
				MARKETING_VERSION = 1.0;
				MODULE_VERIFIER_SUPPORTED_LANGUAGES = "objective-c objective-c++";
				MODULE_VERIFIER_SUPPORTED_LANGUAGE_STANDARDS = "gnu17 gnu++20";
				PRODUCT_BUNDLE_IDENTIFIER = com.davideandreoli.ArcadiaAtari7800Core;
				PRODUCT_NAME = "$(TARGET_NAME:c99extidentifier)";
				SDKROOT = auto;
				SKIP_INSTALL = YES;
				SUPPORTED_PLATFORMS = "iphoneos iphonesimulator macosx";
				SWIFT_EMIT_LOC_STRINGS = YES;
				SWIFT_INSTALL_OBJC_HEADER = NO;
				SWIFT_OPTIMIZATION_LEVEL = "-Onone";
				SWIFT_VERSION = 5.0;
				TARGETED_DEVICE_FAMILY = "1,2";
			};
			name = Debug;
		};
		95CC86F52C4885E0009FB8DD /* Release */ = {
			isa = XCBuildConfiguration;
			buildSettings = {
				ALLOW_TARGET_PLATFORM_SPECIALIZATION = YES;
				BUILD_LIBRARY_FOR_DISTRIBUTION = YES;
				CLANG_ENABLE_MODULES = YES;
				CODE_SIGN_STYLE = Automatic;
				CURRENT_PROJECT_VERSION = 1;
				DEFINES_MODULE = YES;
				DEVELOPMENT_TEAM = 32DR4Q2NF7;
				DYLIB_COMPATIBILITY_VERSION = 1;
				DYLIB_CURRENT_VERSION = 1;
				DYLIB_INSTALL_NAME_BASE = "@rpath";
				ENABLE_MODULE_VERIFIER = YES;
				GENERATE_INFOPLIST_FILE = YES;
				HEADER_SEARCH_PATHS = "${PROJECT_DIR}/ArcadiaAtari7800Core/prosystem-libretro/libretro-common/include";
				INFOPLIST_KEY_NSHumanReadableCopyright = "";
				INSTALL_PATH = "$(LOCAL_LIBRARY_DIR)/Frameworks";
				IPHONEOS_DEPLOYMENT_TARGET = 17.0;
				LD_RUNPATH_SEARCH_PATHS = (
					"@executable_path/Frameworks",
					"@loader_path/Frameworks",
				);
				"LD_RUNPATH_SEARCH_PATHS[sdk=macosx*]" = (
					"@executable_path/../Frameworks",
					"@loader_path/Frameworks",
				);
				MACOSX_DEPLOYMENT_TARGET = 14.0;
				MARKETING_VERSION = 1.0;
				MODULE_VERIFIER_SUPPORTED_LANGUAGES = "objective-c objective-c++";
				MODULE_VERIFIER_SUPPORTED_LANGUAGE_STANDARDS = "gnu17 gnu++20";
				PRODUCT_BUNDLE_IDENTIFIER = com.davideandreoli.ArcadiaAtari7800Core;
				PRODUCT_NAME = "$(TARGET_NAME:c99extidentifier)";
				SDKROOT = auto;
				SKIP_INSTALL = YES;
				SUPPORTED_PLATFORMS = "iphoneos iphonesimulator macosx";
				SWIFT_EMIT_LOC_STRINGS = YES;
				SWIFT_INSTALL_OBJC_HEADER = NO;
				SWIFT_VERSION = 5.0;
				TARGETED_DEVICE_FAMILY = "1,2";
			};
			name = Release;
		};
		95CC86F72C4885E0009FB8DD /* Debug */ = {
			isa = XCBuildConfiguration;
			buildSettings = {
				ALLOW_TARGET_PLATFORM_SPECIALIZATION = YES;
				ALWAYS_EMBED_SWIFT_STANDARD_LIBRARIES = YES;
				CODE_SIGN_STYLE = Automatic;
				CURRENT_PROJECT_VERSION = 1;
				DEVELOPMENT_TEAM = 32DR4Q2NF7;
				GENERATE_INFOPLIST_FILE = YES;
				IPHONEOS_DEPLOYMENT_TARGET = 17.5;
				MACOSX_DEPLOYMENT_TARGET = 14.0;
				MARKETING_VERSION = 1.0;
				PRODUCT_BUNDLE_IDENTIFIER = com.davideandreoli.ArcadiaAtari7800CoreTests;
				PRODUCT_NAME = "$(TARGET_NAME)";
				SDKROOT = auto;
				SUPPORTED_PLATFORMS = "iphoneos iphonesimulator macosx";
				SWIFT_EMIT_LOC_STRINGS = NO;
				SWIFT_VERSION = 5.0;
				TARGETED_DEVICE_FAMILY = "1,2";
			};
			name = Debug;
		};
		95CC86F82C4885E0009FB8DD /* Release */ = {
			isa = XCBuildConfiguration;
			buildSettings = {
				ALLOW_TARGET_PLATFORM_SPECIALIZATION = YES;
				ALWAYS_EMBED_SWIFT_STANDARD_LIBRARIES = YES;
				CODE_SIGN_STYLE = Automatic;
				CURRENT_PROJECT_VERSION = 1;
				DEVELOPMENT_TEAM = 32DR4Q2NF7;
				GENERATE_INFOPLIST_FILE = YES;
				IPHONEOS_DEPLOYMENT_TARGET = 17.5;
				MACOSX_DEPLOYMENT_TARGET = 14.0;
				MARKETING_VERSION = 1.0;
				PRODUCT_BUNDLE_IDENTIFIER = com.davideandreoli.ArcadiaAtari7800CoreTests;
				PRODUCT_NAME = "$(TARGET_NAME)";
				SDKROOT = auto;
				SUPPORTED_PLATFORMS = "iphoneos iphonesimulator macosx";
				SWIFT_EMIT_LOC_STRINGS = NO;
				SWIFT_VERSION = 5.0;
				TARGETED_DEVICE_FAMILY = "1,2";
			};
			name = Release;
		};
/* End XCBuildConfiguration section */

/* Begin XCConfigurationList section */
		95CC86D92C4885DF009FB8DD /* Build configuration list for PBXProject "ArcadiaAtari7800Core" */ = {
			isa = XCConfigurationList;
			buildConfigurations = (
				95CC86F12C4885E0009FB8DD /* Debug */,
				95CC86F22C4885E0009FB8DD /* Release */,
			);
			defaultConfigurationIsVisible = 0;
			defaultConfigurationName = Release;
		};
		95CC86F32C4885E0009FB8DD /* Build configuration list for PBXNativeTarget "ArcadiaAtari7800Core" */ = {
			isa = XCConfigurationList;
			buildConfigurations = (
				95CC86F42C4885E0009FB8DD /* Debug */,
				95CC86F52C4885E0009FB8DD /* Release */,
			);
			defaultConfigurationIsVisible = 0;
			defaultConfigurationName = Release;
		};
		95CC86F62C4885E0009FB8DD /* Build configuration list for PBXNativeTarget "ArcadiaAtari7800CoreTests" */ = {
			isa = XCConfigurationList;
			buildConfigurations = (
				95CC86F72C4885E0009FB8DD /* Debug */,
				95CC86F82C4885E0009FB8DD /* Release */,
			);
			defaultConfigurationIsVisible = 0;
			defaultConfigurationName = Release;
		};
/* End XCConfigurationList section */
	};
	rootObject = 95CC86D62C4885DF009FB8DD /* Project object */;
}
